
Microsoft Visual Studio Solution File, Format Version 12.00
# Visual Studio Version 17
VisualStudioVersion = 17.14.37111.16 d17.14
MinimumVisualStudioVersion = 10.0.40219.1
Project("{FAE04EC0-301F-11D3-BF4B-00C04F79EFBC}") = "WallANSI_v0.2", "WallANSI_v0.2\WallANSI_v0.2.csproj", "{5D29BFA7-C454-4CE4-8F24-E0C77B5AB67D}"
EndProject
Global
	GlobalSection(SolutionConfigurationPlatforms) = preSolution
		Debug|Any CPU = Debug|Any CPU
		Release|Any CPU = Release|Any CPU
	EndGlobalSection
	GlobalSection(ProjectConfigurationPlatforms) = postSolution
		{5D29BFA7-C454-4CE4-8F24-E0C77B5AB67D}.Debug|Any CPU.ActiveCfg = Debug|Any CPU
		{5D29BFA7-C454-4CE4-8F24-E0C77B5AB67D}.Debug|Any CPU.Build.0 = Debug|Any CPU
		{5D29BFA7-C454-4CE4-8F24-E0C77B5AB67D}.Release|Any CPU.ActiveCfg = Release|Any CPU
		{5D29BFA7-C454-4CE4-8F24-E0C77B5AB67D}.Release|Any CPU.Build.0 = Release|Any CPU
	EndGlobalSection
	GlobalSection(SolutionProperties) = preSolution
		HideSolutionNode = FALSE
	EndGlobalSection
	GlobalSection(ExtensibilityGlobals) = postSolution
		SolutionGuid = {4DDC7DC0-18CA-4668-BCD7-FD85B46BE9D3}
	EndGlobalSection
EndGlobal
